GEM
  remote: https://rubygems.org/
  specs:
    base64 (0.3.0)
    mpp-rb (0.1.2)
      base64 (~> 0.3)
    sorbet-runtime (0.6.13286)

PLATFORMS
  aarch64-linux
  arm64-darwin-24
  ruby
  x86_64-linux

DEPENDENCIES
  mpp-rb (= 0.1.2)
  sorbet-runtime (~> 0.6)

CHECKSUMS
  base64 (0.3.0) sha256=27337aeabad6ffae05c265c450490628ef3ebd4b67be58257393227588f5a97b
  bundler (4.0.13) sha256=19f08be7f27022cf0b89f27da0b044ae075e8270a9ef44ad248a932614e1ca3b
  mpp-rb (0.1.2) sha256=fd592ff60d69f3969433bcc8c33e9c3bd02ebcb66e3900bbe69ba8a13d7519ba
  sorbet-runtime (0.6.13286) sha256=0b1bd9ecd70ec511db0696e1162e7c8953ff27a8cc09d7181907c7dd7b859afb

BUNDLED WITH
  4.0.9
